// !$*UTF8*$!
{
	archiveVersion = 1;
	classes = {
	};
	objectVersion = 46;
	objects = {

/* Begin PBXBuildFile section */
		22C4EFD01C72CBB8005027E3 /* main.m in Sources */ = {isa = PBXBuildFile; fileRef = 22C4EFCF1C72CBB8005027E3 /* main.m */; };
		22C4EFD31C72CBB8005027E3 /* AppDelegate.m in Sources */ = {isa = PBXBuildFile; fileRef = 22C4EFD21C72CBB8005027E3 /* AppDelegate.m */; };
		22C4EFD61C72CBB8005027E3 /* ViewController.m in Sources */ = {isa = PBXBuildFile; fileRef = 22C4EFD51C72CBB8005027E3 /* ViewController.m */; };
		22C4EFD91C72CBB8005027E3 /* Main.storyboard in Resources */ = {isa = PBXBuildFile; fileRef = 22C4EFD71C72CBB8005027E3 /* Main.storyboard */; };
		22C4EFDB1C72CBB8005027E3 /* Assets.xcassets in Resources */ = {isa = PBXBuildFile; fileRef = 22C4EFDA1C72CBB8005027E3 /* Assets.xcassets */; };
		22C4EFDE1C72CBB8005027E3 /* LaunchScreen.storyboard in Resources */ = {isa = PBXBuildFile; fileRef = 22C4EFDC1C72CBB8005027E3 /* LaunchScreen.storyboard */; };
		22C4EFE91C72CBB8005027E3 /* TabBarControllerTestTests.m in Sources */ = {isa = PBXBuildFile; fileRef = 22C4EFE81C72CBB8005027E3 /* TabBarControllerTestTests.m */; };
		22C4EFF41C72CBB8005027E3 /* TabBarControllerTestUITests.m in Sources */ = {isa = PBXBuildFile; fileRef = 22C4EFF31C72CBB8005027E3 /* TabBarControllerTestUITests.m */; };
		837BC1C4876ACDBF6BA85278 /* libPods.a in Frameworks */ = {isa = PBXBuildFile; fileRef = CD6B48D6D9965EE70867340A /* libPods.a */; };
/* End PBXBuildFile section */

/* Begin PBXContainerItemProxy section */
		22C4EFE51C72CBB8005027E3 /* PBXContainerItemProxy */ = {
			isa = PBXContainerItemProxy;
			containerPortal = 22C4EFC31C72CBB7005027E3 /* Project object */;
			proxyType = 1;
			remoteGlobalIDString = 22C4EFCA1C72CBB7005027E3;
			remoteInfo = TabBarControllerTest;
		};
		22C4EFF01C72CBB8005027E3 /* PBXContainerItemProxy */ = {
			isa = PBXContainerItemProxy;
			containerPortal = 22C4EFC31C72CBB7005027E3 /* Project object */;
			proxyType = 1;
			remoteGlobalIDString = 22C4EFCA1C72CBB7005027E3;
			remoteInfo = TabBarControllerTest;
		};
/* End PBXContainerItemProxy section */

/* Begin PBXFileReference section */
		22C4EFCB1C72CBB7005027E3 /* TabBarControllerTest.app */ = {isa = PBXFileReference; explicitFileType = wrapper.application; includeInIndex = 0; path = TabBarControllerTest.app; sourceTree = BUILT_PRODUCTS_DIR; };
		22C4EFCF1C72CBB8005027E3 /* main.m */ = {isa = PBXFileReference; lastKnownFileType = sourcecode.c.objc; path = main.m; sourceTree = "<group>"; };
		22C4EFD11C72CBB8005027E3 /* AppDelegate.h */ = {isa = PBXFileReference; lastKnownFileType = sourcecode.c.h; path = AppDelegate.h; sourceTree = "<group>"; };
		22C4EFD21C72CBB8005027E3 /* AppDelegate.m */ = {isa = PBXFileReference; lastKnownFileType = sourcecode.c.objc; path = AppDelegate.m; sourceTree = "<group>"; };
		22C4EFD41C72CBB8005027E3 /* ViewController.h */ = {isa = PBXFileReference; lastKnownFileType = sourcecode.c.h; path = ViewController.h; sourceTree = "<group>"; };
		22C4EFD51C72CBB8005027E3 /* ViewController.m */ = {isa = PBXFileReference; lastKnownFileType = sourcecode.c.objc; path = ViewController.m; sourceTree = "<group>"; };
		22C4EFD81C72CBB8005027E3 /* Base */ = {isa = PBXFileReference; lastKnownFileType = file.storyboard; name = Base; path = Base.lproj/Main.storyboard; sourceTree = "<group>"; };
		22C4EFDA1C72CBB8005027E3 /* Assets.xcassets */ = {isa = PBXFileReference; lastKnownFileType = folder.assetcatalog; path = Assets.xcassets; sourceTree = "<group>"; };
		22C4EFDD1C72CBB8005027E3 /* Base */ = {isa = PBXFileReference; lastKnownFileType = file.storyboard; name = Base; path = Base.lproj/LaunchScreen.storyboard; sourceTree = "<group>"; };
		22C4EFDF1C72CBB8005027E3 /* Info.plist */ = {isa = PBXFileReference; lastKnownFileType = text.plist.xml; path = Info.plist; sourceTree = "<group>"; };
		22C4EFE41C72CBB8005027E3 /* TabBarControllerTestTests.xctest */ = {isa = PBXFileReference; explicitFileType = wrapper.cfbundle; includeInIndex = 0; path = TabBarControllerTestTests.xctest; sourceTree = BUILT_PRODUCTS_DIR; };
		22C4EFE81C72CBB8005027E3 /* TabBarControllerTestTests.m */ = {isa = PBXFileReference; lastKnownFileType = sourcecode.c.objc; path = TabBarControllerTestTests.m; sourceTree = "<group>"; };
		22C4EFEA1C72CBB8005027E3 /* Info.plist */ = {isa = PBXFileReference; lastKnownFileType = text.plist.xml; path = Info.plist; sourceTree = "<group>"; };
		22C4EFEF1C72CBB8005027E3 /* TabBarControllerTestUITests.xctest */ = {isa = PBXFileReference; explicitFileType = wrapper.cfbundle; includeInIndex = 0; path = TabBarControllerTestUITests.xctest; sourceTree = BUILT_PRODUCTS_DIR; };
		22C4EFF31C72CBB8005027E3 /* TabBarControllerTestUITests.m */ = {isa = PBXFileReference; lastKnownFileType = sourcecode.c.objc; path = TabBarControllerTestUITests.m; sourceTree = "<group>"; };
		22C4EFF51C72CBB8005027E3 /* Info.plist */ = {isa = PBXFileReference; lastKnownFileType = text.plist.xml; path = Info.plist; sourceTree = "<group>"; };
		94FC3F364863E5156B11CE4D /* Pods.release.xcconfig */ = {isa = PBXFileReference; includeInIndex = 1; lastKnownFileType = text.xcconfig; name = Pods.release.xcconfig; path = "Pods/Target Support Files/Pods/Pods.release.xcconfig"; sourceTree = "<group>"; };
		C765640AAE7F6CB1EDBAA6CE /* Pods.debug.xcconfig */ = {isa = PBXFileReference; includeInIndex = 1; lastKnownFileType = text.xcconfig; name = Pods.debug.xcconfig; path = "Pods/Target Support Files/Pods/Pods.debug.xcconfig"; sourceTree = "<group>"; };
		CD6B48D6D9965EE70867340A /* libPods.a */ = {isa = PBXFileReference; explicitFileType = archive.ar; includeInIndex = 0; path = libPods.a; sourceTree = BUILT_PRODUCTS_DIR; };
/* End PBXFileReference section */

/* Begin PBXFrameworksBuildPhase section */
		22C4EFC81C72CBB7005027E3 /* Frameworks */ = {
			isa = PBXFrameworksBuildPhase;
			buildActionMask = 2147483647;
			files = (
				837BC1C4876ACDBF6BA85278 /* libPods.a in Frameworks */,
			);
			runOnlyForDeploymentPostprocessing = 0;
		};
		22C4EFE11C72CBB8005027E3 /* Frameworks */ = {
			isa = PBXFrameworksBuildPhase;
			buildActionMask = 2147483647;
			files = (
			);
			runOnlyForDeploymentPostprocessing = 0;
		};
		22C4EFEC1C72CBB8005027E3 /* Frameworks */ = {
			isa = PBXFrameworksBuildPhase;
			buildActionMask = 2147483647;
			files = (
			);
			runOnlyForDeploymentPostprocessing = 0;
		};
/* End PBXFrameworksBuildPhase section */

/* Begin PBXGroup section */
		22C4EFC21C72CBB7005027E3 = {
			isa = PBXGroup;
			children = (
				22C4EFCD1C72CBB7005027E3 /* TabBarControllerTest */,
				22C4EFE71C72CBB8005027E3 /* TabBarControllerTestTests */,
				22C4EFF21C72CBB8005027E3 /* TabBarControllerTestUITests */,
				22C4EFCC1C72CBB7005027E3 /* Products */,
				A994EFB54C2F7F843BC96C3B /* Pods */,
				67D5925EC6B0A5F7664A0857 /* Frameworks */,
			);
			sourceTree = "<group>";
		};
		22C4EFCC1C72CBB7005027E3 /* Products */ = {
			isa = PBXGroup;
			children = (
				22C4EFCB1C72CBB7005027E3 /* TabBarControllerTest.app */,
				22C4EFE41C72CBB8005027E3 /* TabBarControllerTestTests.xctest */,
				22C4EFEF1C72CBB8005027E3 /* TabBarControllerTestUITests.xctest */,
			);
			name = Products;
			sourceTree = "<group>";
		};
		22C4EFCD1C72CBB7005027E3 /* TabBarControllerTest */ = {
			isa = PBXGroup;
			children = (
				22C4EFD11C72CBB8005027E3 /* AppDelegate.h */,
				22C4EFD21C72CBB8005027E3 /* AppDelegate.m */,
				22C4EFD41C72CBB8005027E3 /* ViewController.h */,
				22C4EFD51C72CBB8005027E3 /* ViewController.m */,
				22C4EFD71C72CBB8005027E3 /* Main.storyboard */,
				22C4EFDA1C72CBB8005027E3 /* Assets.xcassets */,
				22C4EFDC1C72CBB8005027E3 /* LaunchScreen.storyboard */,
				22C4EFDF1C72CBB8005027E3 /* Info.plist */,
				22C4EFCE1C72CBB7005027E3 /* Supporting Files */,
			);
			path = TabBarControllerTest;
			sourceTree = "<group>";
		};
		22C4EFCE1C72CBB7005027E3 /* Supporting Files */ = {
			isa = PBXGroup;
			children = (
				22C4EFCF1C72CBB8005027E3 /* main.m */,
			);
			name = "Supporting Files";
			sourceTree = "<group>";
		};
		22C4EFE71C72CBB8005027E3 /* TabBarControllerTestTests */ = {
			isa = PBXGroup;
			children = (
				22C4EFE81C72CBB8005027E3 /* TabBarControllerTestTests.m */,
				22C4EFEA1C72CBB8005027E3 /* Info.plist */,
			);
			path = TabBarControllerTestTests;
			sourceTree = "<group>";
		};
		22C4EFF21C72CBB8005027E3 /* TabBarControllerTestUITests */ = {
			isa = PBXGroup;
			children = (
				22C4EFF31C72CBB8005027E3 /* TabBarControllerTestUITests.m */,
				22C4EFF51C72CBB8005027E3 /* Info.plist */,
			);
			path = TabBarControllerTestUITests;
			sourceTree = "<group>";
		};
		67D5925EC6B0A5F7664A0857 /* Frameworks */ = {
			isa = PBXGroup;
			children = (
				CD6B48D6D9965EE70867340A /* libPods.a */,
			);
			name = Frameworks;
			sourceTree = "<group>";
		};
		A994EFB54C2F7F843BC96C3B /* Pods */ = {
			isa = PBXGroup;
			children = (
				C765640AAE7F6CB1EDBAA6CE /* Pods.debug.xcconfig */,
				94FC3F364863E5156B11CE4D /* Pods.release.xcconfig */,
			);
			name = Pods;
			sourceTree = "<group>";
		};
/* End PBXGroup section */

/* Begin PBXNativeTarget section */
		22C4EFCA1C72CBB7005027E3 /* TabBarControllerTest */ = {
			isa = PBXNativeTarget;
			buildConfigurationList = 22C4EFF81C72CBB8005027E3 /* Build configuration list for PBXNativeTarget "TabBarControllerTest" */;
			buildPhases = (
				ED5C48CC62C62DFE0EC1FD63 /* Check Pods Manifest.lock */,
				22C4EFC71C72CBB7005027E3 /* Sources */,
				22C4EFC81C72CBB7005027E3 /* Frameworks */,
				22C4EFC91C72CBB7005027E3 /* Resources */,
				477725F1DF03E4D4F2547297 /* Embed Pods Frameworks */,
				B27C2295C20C6EF07934C410 /* Copy Pods Resources */,
			);
			buildRules = (
			);
			dependencies = (
			);
			name = TabBarControllerTest;
			productName = TabBarControllerTest;
			productReference = 22C4EFCB1C72CBB7005027E3 /* TabBarControllerTest.app */;
			productType = "com.apple.product-type.application";
		};
		22C4EFE31C72CBB8005027E3 /* TabBarControllerTestTests */ = {
			isa = PBXNativeTarget;
			buildConfigurationList = 22C4EFFB1C72CBB8005027E3 /* Build configuration list for PBXNativeTarget "TabBarControllerTestTests" */;
			buildPhases = (
				22C4EFE01C72CBB8005027E3 /* Sources */,
				22C4EFE11C72CBB8005027E3 /* Frameworks */,
				22C4EFE21C72CBB8005027E3 /* Resources */,
			);
			buildRules = (
			);
			dependencies = (
				22C4EFE61C72CBB8005027E3 /* PBXTargetDependency */,
			);
			name = TabBarControllerTestTests;
			productName = TabBarControllerTestTests;
			productReference = 22C4EFE41C72CBB8005027E3 /* TabBarControllerTestTests.xctest */;
			productType = "com.apple.product-type.bundle.unit-test";
		};
		22C4EFEE1C72CBB8005027E3 /* TabBarControllerTestUITests */ = {
			isa = PBXNativeTarget;
			buildConfigurationList = 22C4EFFE1C72CBB8005027E3 /* Build configuration list for PBXNativeTarget "TabBarControllerTestUITests" */;
			buildPhases = (
				22C4EFEB1C72CBB8005027E3 /* Sources */,
				22C4EFEC1C72CBB8005027E3 /* Frameworks */,
				22C4EFED1C72CBB8005027E3 /* Resources */,
			);
			buildRules = (
			);
			dependencies = (
				22C4EFF11C72CBB8005027E3 /* PBXTargetDependency */,
			);
			name = TabBarControllerTestUITests;
			productName = TabBarControllerTestUITests;
			productReference = 22C4EFEF1C72CBB8005027E3 /* TabBarControllerTestUITests.xctest */;
			productType = "com.apple.product-type.bundle.ui-testing";
		};
/* End PBXNativeTarget section */

/* Begin PBXProject section */
		22C4EFC31C72CBB7005027E3 /* Project object */ = {
			isa = PBXProject;
			attributes = {
				LastUpgradeCheck = 0720;
				ORGANIZATIONNAME = Youths;
				TargetAttributes = {
					22C4EFCA1C72CBB7005027E3 = {
						CreatedOnToolsVersion = 7.2;
					};
					22C4EFE31C72CBB8005027E3 = {
						CreatedOnToolsVersion = 7.2;
						TestTargetID = 22C4EFCA1C72CBB7005027E3;
					};
					22C4EFEE1C72CBB8005027E3 = {
						CreatedOnToolsVersion = 7.2;
						TestTargetID = 22C4EFCA1C72CBB7005027E3;
					};
				};
			};
			buildConfigurationList = 22C4EFC61C72CBB7005027E3 /* Build configuration list for PBXProject "TabBarControllerTest" */;
			compatibilityVersion = "Xcode 3.2";
			developmentRegion = English;
			hasScannedForEncodings = 0;
			knownRegions = (
				en,
				Base,
			);
			mainGroup = 22C4EFC21C72CBB7005027E3;
			productRefGroup = 22C4EFCC1C72CBB7005027E3 /* Products */;
			projectDirPath = "";
			projectRoot = "";
			targets = (
				22C4EFCA1C72CBB7005027E3 /* TabBarControllerTest */,
				22C4EFE31C72CBB8005027E3 /* TabBarControllerTestTests */,
				22C4EFEE1C72CBB8005027E3 /* TabBarControllerTestUITests */,
			);
		};
/* End PBXProject section */

/* Begin PBXResourcesBuildPhase section */
		22C4EFC91C72CBB7005027E3 /* Resources */ = {
			isa = PBXResourcesBuildPhase;
			buildActionMask = 2147483647;
			files = (
				22C4EFDE1C72CBB8005027E3 /* LaunchScreen.storyboard in Resources */,
				22C4EFDB1C72CBB8005027E3 /* Assets.xcassets in Resources */,
				22C4EFD91C72CBB8005027E3 /* Main.storyboard in Resources */,
			);
			runOnlyForDeploymentPostprocessing = 0;
		};
		22C4EFE21C72CBB8005027E3 /* Resources */ = {
			isa = PBXResourcesBuildPhase;
			buildActionMask = 2147483647;
			files = (
			);
			runOnlyForDeploymentPostprocessing = 0;
		};
		22C4EFED1C72CBB8005027E3 /* Resources */ = {
			isa = PBXResourcesBuildPhase;
			buildActionMask = 2147483647;
			files = (
			);
			runOnlyForDeploymentPostprocessing = 0;
		};
/* End PBXResourcesBuildPhase section */

/* Begin PBXShellScriptBuildPhase section */
		477725F1DF03E4D4F2547297 /* Embed Pods Frameworks */ = {
			isa = PBXShellScriptBuildPhase;
			buildActionMask = 2147483647;
			files = (
			);
			inputPaths = (
			);
			name = "Embed Pods Frameworks";
			outputPaths = (
			);
			runOnlyForDeploymentPostprocessing = 0;
			shellPath = /bin/sh;
			shellScript = "\"${SRCROOT}/Pods/Target Support Files/Pods/Pods-frameworks.sh\"\n";
			showEnvVarsInLog = 0;
		};
		B27C2295C20C6EF07934C410 /* Copy Pods Resources */ = {
			isa = PBXShellScriptBuildPhase;
			buildActionMask = 2147483647;
			files = (
			);
			inputPaths = (
			);
			name = "Copy Pods Resources";
			outputPaths = (
			);
			runOnlyForDeploymentPostprocessing = 0;
			shellPath = /bin/sh;
			shellScript = "\"${SRCROOT}/Pods/Target Support Files/Pods/Pods-resources.sh\"\n";
			showEnvVarsInLog = 0;
		};
		ED5C48CC62C62DFE0EC1FD63 /* Check Pods Manifest.lock */ = {
			isa = PBXShellScriptBuildPhase;
			buildActionMask = 2147483647;
			files = (
			);
			inputPaths = (
			);
			name = "Check Pods Manifest.lock";
			outputPaths = (
			);
			runOnlyForDeploymentPostprocessing = 0;
			shellPath = /bin/sh;
			shellScript = "diff \"${PODS_ROOT}/../Podfile.lock\" \"${PODS_ROOT}/Manifest.lock\" > /dev/null\nif [[ $? != 0 ]] ; then\n    cat << EOM\nerror: The sandbox is not in sync with the Podfile.lock. Run 'pod install' or update your CocoaPods installation.\nEOM\n    exit 1\nfi\n";
			showEnvVarsInLog = 0;
		};
/* End PBXShellScriptBuildPhase section */

/* Begin PBXSourcesBuildPhase section */
		22C4EFC71C72CBB7005027E3 /* Sources */ = {
			isa = PBXSourcesBuildPhase;
			buildActionMask = 2147483647;
			files = (
				22C4EFD61C72CBB8005027E3 /* ViewController.m in Sources */,
				22C4EFD31C72CBB8005027E3 /* AppDelegate.m in Sources */,
				22C4EFD01C72CBB8005027E3 /* main.m in Sources */,
			);
			runOnlyForDeploymentPostprocessing = 0;
		};
		22C4EFE01C72CBB8005027E3 /* Sources */ = {
			isa = PBXSourcesBuildPhase;
			buildActionMask = 2147483647;
			files = (
				22C4EFE91C72CBB8005027E3 /* TabBarControllerTestTests.m in Sources */,
			);
			runOnlyForDeploymentPostprocessing = 0;
		};
		22C4EFEB1C72CBB8005027E3 /* Sources */ = {
			isa = PBXSourcesBuildPhase;
			buildActionMask = 2147483647;
			files = (
				22C4EFF41C72CBB8005027E3 /* TabBarControllerTestUITests.m in Sources */,
			);
			runOnlyForDeploymentPostprocessing = 0;
		};
/* End PBXSourcesBuildPhase section */

/* Begin PBXTargetDependency section */
		22C4EFE61C72CBB8005027E3 /* PBXTargetDependency */ = {
			isa = PBXTargetDependency;
			target = 22C4EFCA1C72CBB7005027E3 /* TabBarControllerTest */;
			targetProxy = 22C4EFE51C72CBB8005027E3 /* PBXContainerItemProxy */;
		};
		22C4EFF11C72CBB8005027E3 /* PBXTargetDependency */ = {
			isa = PBXTargetDependency;
			target = 22C4EFCA1C72CBB7005027E3 /* TabBarControllerTest */;
			targetProxy = 22C4EFF01C72CBB8005027E3 /* PBXContainerItemProxy */;
		};
/* End PBXTargetDependency section */

/* Begin PBXVariantGroup section */
		22C4EFD71C72CBB8005027E3 /* Main.storyboard */ = {
			isa = PBXVariantGroup;
			children = (
				22C4EFD81C72CBB8005027E3 /* Base */,
			);
			name = Main.storyboard;
			sourceTree = "<group>";
		};
		22C4EFDC1C72CBB8005027E3 /* LaunchScreen.storyboard */ = {
			isa = PBXVariantGroup;
			children = (
				22C4EFDD1C72CBB8005027E3 /* Base */,
			);
			name = LaunchScreen.storyboard;
			sourceTree = "<group>";
		};
/* End PBXVariantGroup section */

/* Begin XCBuildConfiguration section */
		22C4EFF61C72CBB8005027E3 /* Debug */ = {
			isa = XCBuildConfiguration;
			buildSettings = {
				ALWAYS_SEARCH_USER_PATHS = NO;
				CLANG_CXX_LANGUAGE_STANDARD = "gnu++0x";
				CLANG_CXX_LIBRARY = "libc++";
				CLANG_ENABLE_MODULES = YES;
				CLANG_ENABLE_OBJC_ARC = YES;
				CLANG_WARN_BOOL_CONVERSION = YES;
				CLANG_WARN_CONSTANT_CONVERSION = YES;
				CLANG_WARN_DIRECT_OBJC_ISA_USAGE = YES_ERROR;
				CLANG_WARN_EMPTY_BODY = YES;
				CLANG_WARN_ENUM_CONVERSION = YES;
				CLANG_WARN_INT_CONVERSION = YES;
				CLANG_WARN_OBJC_ROOT_CLASS = YES_ERROR;
				CLANG_WARN_UNREACHABLE_CODE = YES;
				CLANG_WARN__DUPLICATE_METHOD_MATCH = YES;
				"CODE_SIGN_IDENTITY[sdk=iphoneos*]" = "iPhone Developer";
				COPY_PHASE_STRIP = NO;
				DEBUG_INFORMATION_FORMAT = dwarf;
				ENABLE_STRICT_OBJC_MSGSEND = YES;
				ENABLE_TESTABILITY = YES;
				GCC_C_LANGUAGE_STANDARD = gnu99;
				GCC_DYNAMIC_NO_PIC = NO;
				GCC_NO_COMMON_BLOCKS = YES;
				GCC_OPTIMIZATION_LEVEL = 0;
				GCC_PREPROCESSOR_DEFINITIONS = (
					"DEBUG=1",
					"$(inherited)",
				);
				GCC_WARN_64_TO_32_BIT_CONVERSION = YES;
				GCC_WARN_ABOUT_RETURN_TYPE = YES_ERROR;
				GCC_WARN_UNDECLARED_SELECTOR = YES;
				GCC_WARN_UNINITIALIZED_AUTOS = YES_AGGRESSIVE;
				GCC_WARN_UNUSED_FUNCTION = YES;
				GCC_WARN_UNUSED_VARIABLE = YES;
				IPHONEOS_DEPLOYMENT_TARGET = 9.2;
				MTL_ENABLE_DEBUG_INFO = YES;
				ONLY_ACTIVE_ARCH = YES;
				SDKROOT = iphoneos;
			};
			name = Debug;
		};
		22C4EFF71C72CBB8005027E3 /* Release */ = {
			isa = XCBuildConfiguration;
			buildSettings = {
				ALWAYS_SEARCH_USER_PATHS = NO;
				CLANG_CXX_LANGUAGE_STANDARD = "gnu++0x";
				CLANG_CXX_LIBRARY = "libc++";
				CLANG_ENABLE_MODULES = YES;
				CLANG_ENABLE_OBJC_ARC = YES;
				CLANG_WARN_BOOL_CONVERSION = YES;
				CLANG_WARN_CONSTANT_CONVERSION = YES;
				CLANG_WARN_DIRECT_OBJC_ISA_USAGE = YES_ERROR;
				CLANG_WARN_EMPTY_BODY = YES;
				CLANG_WARN_ENUM_CONVERSION = YES;
				CLANG_WARN_INT_CONVERSION = YES;
				CLANG_WARN_OBJC_ROOT_CLASS = YES_ERROR;
				CLANG_WARN_UNREACHABLE_CODE = YES;
				CLANG_WARN__DUPLICATE_METHOD_MATCH = YES;
				"CODE_SIGN_IDENTITY[sdk=iphoneos*]" = "iPhone Developer";
				COPY_PHASE_STRIP = NO;
				DEBUG_INFORMATION_FORMAT = "dwarf-with-dsym";
				ENABLE_NS_ASSERTIONS = NO;
				ENABLE_STRICT_OBJC_MSGSEND = YES;
				GCC_C_LANGUAGE_STANDARD = gnu99;
				GCC_NO_COMMON_BLOCKS = YES;
				GCC_WARN_64_TO_32_BIT_CONVERSION = YES;
				GCC_WARN_ABOUT_RETURN_TYPE = YES_ERROR;
				GCC_WARN_UNDECLARED_SELECTOR = YES;
				GCC_WARN_UNINITIALIZED_AUTOS = YES_AGGRESSIVE;
				GCC_WARN_UNUSED_FUNCTION = YES;
				GCC_WARN_UNUSED_VARIABLE = YES;
				IPHONEOS_DEPLOYMENT_TARGET = 9.2;
				MTL_ENABLE_DEBUG_INFO = NO;
				SDKROOT = iphoneos;
				VALIDATE_PRODUCT = YES;
			};
			name = Release;
		};
		22C4EFF91C72CBB8005027E3 /* Debug */ = {
			isa = XCBuildConfiguration;
			baseConfigurationReference = C765640AAE7F6CB1EDBAA6CE /* Pods.debug.xcconfig */;
			buildSettings = {
				ASSETCATALOG_COMPILER_APPICON_NAME = AppIcon;
				INFOPLIST_FILE = TabBarControllerTest/Info.plist;
				LD_RUNPATH_SEARCH_PATHS = "$(inherited) @executable_path/Frameworks";
				PRODUCT_BUNDLE_IDENTIFIER = org.cn.youths.WisdomMembersConstruction.TabBarControllerTest;
				PRODUCT_NAME = "$(TARGET_NAME)";
			};
			name = Debug;
		};
		22C4EFFA1C72CBB8005027E3 /* Release */ = {
			isa = XCBuildConfiguration;
			baseConfigurationReference = 94FC3F364863E5156B11CE4D /* Pods.release.xcconfig */;
			buildSettings = {
				ASSETCATALOG_COMPILER_APPICON_NAME = AppIcon;
				INFOPLIST_FILE = TabBarControllerTest/Info.plist;
				LD_RUNPATH_SEARCH_PATHS = "$(inherited) @executable_path/Frameworks";
				PRODUCT_BUNDLE_IDENTIFIER = org.cn.youths.WisdomMembersConstruction.TabBarControllerTest;
				PRODUCT_NAME = "$(TARGET_NAME)";
			};
			name = Release;
		};
		22C4EFFC1C72CBB8005027E3 /* Debug */ = {
			isa = XCBuildConfiguration;
			buildSettings = {
				BUNDLE_LOADER = "$(TEST_HOST)";
				INFOPLIST_FILE = TabBarControllerTestTests/Info.plist;
				LD_RUNPATH_SEARCH_PATHS = "$(inherited) @executable_path/Frameworks @loader_path/Frameworks";
				PRODUCT_BUNDLE_IDENTIFIER = org.cn.youths.WisdomMembersConstruction.TabBarControllerTestTests;
				PRODUCT_NAME = "$(TARGET_NAME)";
				TEST_HOST = "$(BUILT_PRODUCTS_DIR)/TabBarControllerTest.app/TabBarControllerTest";
			};
			name = Debug;
		};
		22C4EFFD1C72CBB8005027E3 /* Release */ = {
			isa = XCBuildConfiguration;
			buildSettings = {
				BUNDLE_LOADER = "$(TEST_HOST)";
				INFOPLIST_FILE = TabBarControllerTestTests/Info.plist;
				LD_RUNPATH_SEARCH_PATHS = "$(inherited) @executable_path/Frameworks @loader_path/Frameworks";
				PRODUCT_BUNDLE_IDENTIFIER = org.cn.youths.WisdomMembersConstruction.TabBarControllerTestTests;
				PRODUCT_NAME = "$(TARGET_NAME)";
				TEST_HOST = "$(BUILT_PRODUCTS_DIR)/TabBarControllerTest.app/TabBarControllerTest";
			};
			name = Release;
		};
		22C4EFFF1C72CBB8005027E3 /* Debug */ = {
			isa = XCBuildConfiguration;
			buildSettings = {
				INFOPLIST_FILE = TabBarControllerTestUITests/Info.plist;
				LD_RUNPATH_SEARCH_PATHS = "$(inherited) @executable_path/Frameworks @loader_path/Frameworks";
				PRODUCT_BUNDLE_IDENTIFIER = org.cn.youths.WisdomMembersConstruction.TabBarControllerTestUITests;
				PRODUCT_NAME = "$(TARGET_NAME)";
				TEST_TARGET_NAME = TabBarControllerTest;
				USES_XCTRUNNER = YES;
			};
			name = Debug;
		};
		22C4F0001C72CBB8005027E3 /* Release */ = {
			isa = XCBuildConfiguration;
			buildSettings = {
				INFOPLIST_FILE = TabBarControllerTestUITests/Info.plist;
				LD_RUNPATH_SEARCH_PATHS = "$(inherited) @executable_path/Frameworks @loader_path/Frameworks";
				PRODUCT_BUNDLE_IDENTIFIER = org.cn.youths.WisdomMembersConstruction.TabBarControllerTestUITests;
				PRODUCT_NAME = "$(TARGET_NAME)";
				TEST_TARGET_NAME = TabBarControllerTest;
				USES_XCTRUNNER = YES;
			};
			name = Release;
		};
/* End XCBuildConfiguration section */

/* Begin XCConfigurationList section */
		22C4EFC61C72CBB7005027E3 /* Build configuration list for PBXProject "TabBarControllerTest" */ = {
			isa = XCConfigurationList;
			buildConfigurations = (
				22C4EFF61C72CBB8005027E3 /* Debug */,
				22C4EFF71C72CBB8005027E3 /* Release */,
			);
			defaultConfigurationIsVisible = 0;
			defaultConfigurationName = Release;
		};
		22C4EFF81C72CBB8005027E3 /* Build configuration list for PBXNativeTarget "TabBarControllerTest" */ = {
			isa = XCConfigurationList;
			buildConfigurations = (
				22C4EFF91C72CBB8005027E3 /* Debug */,
				22C4EFFA1C72CBB8005027E3 /* Release */,
			);
			defaultConfigurationIsVisible = 0;
			defaultConfigurationName = Release;
		};
		22C4EFFB1C72CBB8005027E3 /* Build configuration list for PBXNativeTarget "TabBarControllerTestTests" */ = {
			isa = XCConfigurationList;
			buildConfigurations = (
				22C4EFFC1C72CBB8005027E3 /* Debug */,
				22C4EFFD1C72CBB8005027E3 /* Release */,
			);
			defaultConfigurationIsVisible = 0;
			defaultConfigurationName = Release;
		};
		22C4EFFE1C72CBB8005027E3 /* Build configuration list for PBXNativeTarget "TabBarControllerTestUITests" */ = {
			isa = XCConfigurationList;
			buildConfigurations = (
				22C4EFFF1C72CBB8005027E3 /* Debug */,
				22C4F0001C72CBB8005027E3 /* Release */,
			);
			defaultConfigurationIsVisible = 0;
			defaultConfigurationName = Release;
		};
/* End XCConfigurationList section */
	};
	rootObject = 22C4EFC31C72CBB7005027E3 /* Project object */;
}
