// !$*UTF8*$!
{
	archiveVersion = 1;
	classes = {
	};
	objectVersion = 46;
	objects = {

/* Begin PBXBuildFile section */
		2233A1491BC9222100713C0F /* main.m in Sources */ = {isa = PBXBuildFile; fileRef = 2233A1481BC9222100713C0F /* main.m */; };
		2233A14C1BC9222100713C0F /* AppDelegate.m in Sources */ = {isa = PBXBuildFile; fileRef = 2233A14B1BC9222100713C0F /* AppDelegate.m */; };
		2233A14F1BC9222100713C0F /* ViewController.m in Sources */ = {isa = PBXBuildFile; fileRef = 2233A14E1BC9222100713C0F /* ViewController.m */; };
		2233A1521BC9222100713C0F /* Main.storyboard in Resources */ = {isa = PBXBuildFile; fileRef = 2233A1501BC9222100713C0F /* Main.storyboard */; };
		2233A1541BC9222100713C0F /* Images.xcassets in Resources */ = {isa = PBXBuildFile; fileRef = 2233A1531BC9222100713C0F /* Images.xcassets */; };
		2233A1571BC9222100713C0F /* LaunchScreen.xib in Resources */ = {isa = PBXBuildFile; fileRef = 2233A1551BC9222100713C0F /* LaunchScreen.xib */; };
		2233A1631BC9222100713C0F /* json2markdownTests.m in Sources */ = {isa = PBXBuildFile; fileRef = 2233A1621BC9222100713C0F /* json2markdownTests.m */; };
		2233A1711BC9249900713C0F /* ListModel.m in Sources */ = {isa = PBXBuildFile; fileRef = 2233A1701BC9249900713C0F /* ListModel.m */; };
		2233A1741BC9254D00713C0F /* ListData.m in Sources */ = {isa = PBXBuildFile; fileRef = 2233A1731BC9254D00713C0F /* ListData.m */; };
		2233A1871BC927C400713C0F /* MJConst.m in Sources */ = {isa = PBXBuildFile; fileRef = 2233A1771BC927C400713C0F /* MJConst.m */; };
		2233A1881BC927C400713C0F /* MJFoundation.m in Sources */ = {isa = PBXBuildFile; fileRef = 2233A17A1BC927C400713C0F /* MJFoundation.m */; };
		2233A1891BC927C400713C0F /* MJProperty.m in Sources */ = {isa = PBXBuildFile; fileRef = 2233A17C1BC927C400713C0F /* MJProperty.m */; };
		2233A18A1BC927C400713C0F /* MJType.m in Sources */ = {isa = PBXBuildFile; fileRef = 2233A17E1BC927C400713C0F /* MJType.m */; };
		2233A18B1BC927C400713C0F /* NSObject+MJCoding.m in Sources */ = {isa = PBXBuildFile; fileRef = 2233A1801BC927C400713C0F /* NSObject+MJCoding.m */; };
		2233A18C1BC927C400713C0F /* NSObject+MJKeyValue.m in Sources */ = {isa = PBXBuildFile; fileRef = 2233A1821BC927C400713C0F /* NSObject+MJKeyValue.m */; };
		2233A18D1BC927C400713C0F /* NSObject+MJProperty.m in Sources */ = {isa = PBXBuildFile; fileRef = 2233A1841BC927C400713C0F /* NSObject+MJProperty.m */; };
		2233A18E1BC927C400713C0F /* NSString+Extension.m in Sources */ = {isa = PBXBuildFile; fileRef = 2233A1861BC927C400713C0F /* NSString+Extension.m */; };
/* End PBXBuildFile section */

/* Begin PBXContainerItemProxy section */
		2233A15D1BC9222100713C0F /* PBXContainerItemProxy */ = {
			isa = PBXContainerItemProxy;
			containerPortal = 2233A13B1BC9222100713C0F /* Project object */;
			proxyType = 1;
			remoteGlobalIDString = 2233A1421BC9222100713C0F;
			remoteInfo = json2markdown;
		};
/* End PBXContainerItemProxy section */

/* Begin PBXFileReference section */
		2233A1431BC9222100713C0F /* json2markdown.app */ = {isa = PBXFileReference; explicitFileType = wrapper.application; includeInIndex = 0; path = json2markdown.app; sourceTree = BUILT_PRODUCTS_DIR; };
		2233A1471BC9222100713C0F /* Info.plist */ = {isa = PBXFileReference; lastKnownFileType = text.plist.xml; path = Info.plist; sourceTree = "<group>"; };
		2233A1481BC9222100713C0F /* main.m */ = {isa = PBXFileReference; lastKnownFileType = sourcecode.c.objc; path = main.m; sourceTree = "<group>"; };
		2233A14A1BC9222100713C0F /* AppDelegate.h */ = {isa = PBXFileReference; lastKnownFileType = sourcecode.c.h; path = AppDelegate.h; sourceTree = "<group>"; };
		2233A14B1BC9222100713C0F /* AppDelegate.m */ = {isa = PBXFileReference; lastKnownFileType = sourcecode.c.objc; path = AppDelegate.m; sourceTree = "<group>"; };
		2233A14D1BC9222100713C0F /* ViewController.h */ = {isa = PBXFileReference; lastKnownFileType = sourcecode.c.h; path = ViewController.h; sourceTree = "<group>"; };
		2233A14E1BC9222100713C0F /* ViewController.m */ = {isa = PBXFileReference; lastKnownFileType = sourcecode.c.objc; path = ViewController.m; sourceTree = "<group>"; };
		2233A1511BC9222100713C0F /* Base */ = {isa = PBXFileReference; lastKnownFileType = file.storyboard; name = Base; path = Base.lproj/Main.storyboard; sourceTree = "<group>"; };
		2233A1531BC9222100713C0F /* Images.xcassets */ = {isa = PBXFileReference; lastKnownFileType = folder.assetcatalog; path = Images.xcassets; sourceTree = "<group>"; };
		2233A1561BC9222100713C0F /* Base */ = {isa = PBXFileReference; lastKnownFileType = file.xib; name = Base; path = Base.lproj/LaunchScreen.xib; sourceTree = "<group>"; };
		2233A15C1BC9222100713C0F /* json2markdownTests.xctest */ = {isa = PBXFileReference; explicitFileType = wrapper.cfbundle; includeInIndex = 0; path = json2markdownTests.xctest; sourceTree = BUILT_PRODUCTS_DIR; };
		2233A1611BC9222100713C0F /* Info.plist */ = {isa = PBXFileReference; lastKnownFileType = text.plist.xml; path = Info.plist; sourceTree = "<group>"; };
		2233A1621BC9222100713C0F /* json2markdownTests.m */ = {isa = PBXFileReference; lastKnownFileType = sourcecode.c.objc; path = json2markdownTests.m; sourceTree = "<group>"; };
		2233A16F1BC9249900713C0F /* ListModel.h */ = {isa = PBXFileReference; fileEncoding = 4; lastKnownFileType = sourcecode.c.h; path = ListModel.h; sourceTree = "<group>"; };
		2233A1701BC9249900713C0F /* ListModel.m */ = {isa = PBXFileReference; fileEncoding = 4; lastKnownFileType = sourcecode.c.objc; path = ListModel.m; sourceTree = "<group>"; };
		2233A1721BC9254D00713C0F /* ListData.h */ = {isa = PBXFileReference; fileEncoding = 4; lastKnownFileType = sourcecode.c.h; path = ListData.h; sourceTree = "<group>"; };
		2233A1731BC9254D00713C0F /* ListData.m */ = {isa = PBXFileReference; fileEncoding = 4; lastKnownFileType = sourcecode.c.objc; path = ListData.m; sourceTree = "<group>"; };
		2233A1761BC927C400713C0F /* MJConst.h */ = {isa = PBXFileReference; fileEncoding = 4; lastKnownFileType = sourcecode.c.h; path = MJConst.h; sourceTree = "<group>"; };
		2233A1771BC927C400713C0F /* MJConst.m */ = {isa = PBXFileReference; fileEncoding = 4; lastKnownFileType = sourcecode.c.objc; path = MJConst.m; sourceTree = "<group>"; };
		2233A1781BC927C400713C0F /* MJExtension.h */ = {isa = PBXFileReference; fileEncoding = 4; lastKnownFileType = sourcecode.c.h; path = MJExtension.h; sourceTree = "<group>"; };
		2233A1791BC927C400713C0F /* MJFoundation.h */ = {isa = PBXFileReference; fileEncoding = 4; lastKnownFileType = sourcecode.c.h; path = MJFoundation.h; sourceTree = "<group>"; };
		2233A17A1BC927C400713C0F /* MJFoundation.m */ = {isa = PBXFileReference; fileEncoding = 4; lastKnownFileType = sourcecode.c.objc; path = MJFoundation.m; sourceTree = "<group>"; };
		2233A17B1BC927C400713C0F /* MJProperty.h */ = {isa = PBXFileReference; fileEncoding = 4; lastKnownFileType = sourcecode.c.h; path = MJProperty.h; sourceTree = "<group>"; };
		2233A17C1BC927C400713C0F /* MJProperty.m */ = {isa = PBXFileReference; fileEncoding = 4; lastKnownFileType = sourcecode.c.objc; path = MJProperty.m; sourceTree = "<group>"; };
		2233A17D1BC927C400713C0F /* MJType.h */ = {isa = PBXFileReference; fileEncoding = 4; lastKnownFileType = sourcecode.c.h; path = MJType.h; sourceTree = "<group>"; };
		2233A17E1BC927C400713C0F /* MJType.m */ = {isa = PBXFileReference; fileEncoding = 4; lastKnownFileType = sourcecode.c.objc; path = MJType.m; sourceTree = "<group>"; };
		2233A17F1BC927C400713C0F /* NSObject+MJCoding.h */ = {isa = PBXFileReference; fileEncoding = 4; lastKnownFileType = sourcecode.c.h; path = "NSObject+MJCoding.h"; sourceTree = "<group>"; };
		2233A1801BC927C400713C0F /* NSObject+MJCoding.m */ = {isa = PBXFileReference; fileEncoding = 4; lastKnownFileType = sourcecode.c.objc; path = "NSObject+MJCoding.m"; sourceTree = "<group>"; };
		2233A1811BC927C400713C0F /* NSObject+MJKeyValue.h */ = {isa = PBXFileReference; fileEncoding = 4; lastKnownFileType = sourcecode.c.h; path = "NSObject+MJKeyValue.h"; sourceTree = "<group>"; };
		2233A1821BC927C400713C0F /* NSObject+MJKeyValue.m */ = {isa = PBXFileReference; fileEncoding = 4; lastKnownFileType = sourcecode.c.objc; path = "NSObject+MJKeyValue.m"; sourceTree = "<group>"; };
		2233A1831BC927C400713C0F /* NSObject+MJProperty.h */ = {isa = PBXFileReference; fileEncoding = 4; lastKnownFileType = sourcecode.c.h; path = "NSObject+MJProperty.h"; sourceTree = "<group>"; };
		2233A1841BC927C400713C0F /* NSObject+MJProperty.m */ = {isa = PBXFileReference; fileEncoding = 4; lastKnownFileType = sourcecode.c.objc; path = "NSObject+MJProperty.m"; sourceTree = "<group>"; };
		2233A1851BC927C400713C0F /* NSString+Extension.h */ = {isa = PBXFileReference; fileEncoding = 4; lastKnownFileType = sourcecode.c.h; path = "NSString+Extension.h"; sourceTree = "<group>"; };
		2233A1861BC927C400713C0F /* NSString+Extension.m */ = {isa = PBXFileReference; fileEncoding = 4; lastKnownFileType = sourcecode.c.objc; path = "NSString+Extension.m"; sourceTree = "<group>"; };
/* End PBXFileReference section */

/* Begin PBXFrameworksBuildPhase section */
		2233A1401BC9222100713C0F /* Frameworks */ = {
			isa = PBXFrameworksBuildPhase;
			buildActionMask = 2147483647;
			files = (
			);
			runOnlyForDeploymentPostprocessing = 0;
		};
		2233A1591BC9222100713C0F /* Frameworks */ = {
			isa = PBXFrameworksBuildPhase;
			buildActionMask = 2147483647;
			files = (
			);
			runOnlyForDeploymentPostprocessing = 0;
		};
/* End PBXFrameworksBuildPhase section */

/* Begin PBXGroup section */
		2233A13A1BC9222100713C0F = {
			isa = PBXGroup;
			children = (
				2233A1451BC9222100713C0F /* json2markdown */,
				2233A15F1BC9222100713C0F /* json2markdownTests */,
				2233A1441BC9222100713C0F /* Products */,
			);
			sourceTree = "<group>";
		};
		2233A1441BC9222100713C0F /* Products */ = {
			isa = PBXGroup;
			children = (
				2233A1431BC9222100713C0F /* json2markdown.app */,
				2233A15C1BC9222100713C0F /* json2markdownTests.xctest */,
			);
			name = Products;
			sourceTree = "<group>";
		};
		2233A1451BC9222100713C0F /* json2markdown */ = {
			isa = PBXGroup;
			children = (
				2233A1751BC927C400713C0F /* MJExtension */,
				2233A14A1BC9222100713C0F /* AppDelegate.h */,
				2233A14B1BC9222100713C0F /* AppDelegate.m */,
				2233A14D1BC9222100713C0F /* ViewController.h */,
				2233A14E1BC9222100713C0F /* ViewController.m */,
				2233A16F1BC9249900713C0F /* ListModel.h */,
				2233A1701BC9249900713C0F /* ListModel.m */,
				2233A1721BC9254D00713C0F /* ListData.h */,
				2233A1731BC9254D00713C0F /* ListData.m */,
				2233A1501BC9222100713C0F /* Main.storyboard */,
				2233A1531BC9222100713C0F /* Images.xcassets */,
				2233A1551BC9222100713C0F /* LaunchScreen.xib */,
				2233A1461BC9222100713C0F /* Supporting Files */,
			);
			path = json2markdown;
			sourceTree = "<group>";
		};
		2233A1461BC9222100713C0F /* Supporting Files */ = {
			isa = PBXGroup;
			children = (
				2233A1471BC9222100713C0F /* Info.plist */,
				2233A1481BC9222100713C0F /* main.m */,
			);
			name = "Supporting Files";
			sourceTree = "<group>";
		};
		2233A15F1BC9222100713C0F /* json2markdownTests */ = {
			isa = PBXGroup;
			children = (
				2233A1621BC9222100713C0F /* json2markdownTests.m */,
				2233A1601BC9222100713C0F /* Supporting Files */,
			);
			path = json2markdownTests;
			sourceTree = "<group>";
		};
		2233A1601BC9222100713C0F /* Supporting Files */ = {
			isa = PBXGroup;
			children = (
				2233A1611BC9222100713C0F /* Info.plist */,
			);
			name = "Supporting Files";
			sourceTree = "<group>";
		};
		2233A1751BC927C400713C0F /* MJExtension */ = {
			isa = PBXGroup;
			children = (
				2233A1761BC927C400713C0F /* MJConst.h */,
				2233A1771BC927C400713C0F /* MJConst.m */,
				2233A1781BC927C400713C0F /* MJExtension.h */,
				2233A1791BC927C400713C0F /* MJFoundation.h */,
				2233A17A1BC927C400713C0F /* MJFoundation.m */,
				2233A17B1BC927C400713C0F /* MJProperty.h */,
				2233A17C1BC927C400713C0F /* MJProperty.m */,
				2233A17D1BC927C400713C0F /* MJType.h */,
				2233A17E1BC927C400713C0F /* MJType.m */,
				2233A17F1BC927C400713C0F /* NSObject+MJCoding.h */,
				2233A1801BC927C400713C0F /* NSObject+MJCoding.m */,
				2233A1811BC927C400713C0F /* NSObject+MJKeyValue.h */,
				2233A1821BC927C400713C0F /* NSObject+MJKeyValue.m */,
				2233A1831BC927C400713C0F /* NSObject+MJProperty.h */,
				2233A1841BC927C400713C0F /* NSObject+MJProperty.m */,
				2233A1851BC927C400713C0F /* NSString+Extension.h */,
				2233A1861BC927C400713C0F /* NSString+Extension.m */,
			);
			path = MJExtension;
			sourceTree = "<group>";
		};
/* End PBXGroup section */

/* Begin PBXNativeTarget section */
		2233A1421BC9222100713C0F /* json2markdown */ = {
			isa = PBXNativeTarget;
			buildConfigurationList = 2233A1661BC9222100713C0F /* Build configuration list for PBXNativeTarget "json2markdown" */;
			buildPhases = (
				2233A13F1BC9222100713C0F /* Sources */,
				2233A1401BC9222100713C0F /* Frameworks */,
				2233A1411BC9222100713C0F /* Resources */,
			);
			buildRules = (
			);
			dependencies = (
			);
			name = json2markdown;
			productName = json2markdown;
			productReference = 2233A1431BC9222100713C0F /* json2markdown.app */;
			productType = "com.apple.product-type.application";
		};
		2233A15B1BC9222100713C0F /* json2markdownTests */ = {
			isa = PBXNativeTarget;
			buildConfigurationList = 2233A1691BC9222100713C0F /* Build configuration list for PBXNativeTarget "json2markdownTests" */;
			buildPhases = (
				2233A1581BC9222100713C0F /* Sources */,
				2233A1591BC9222100713C0F /* Frameworks */,
				2233A15A1BC9222100713C0F /* Resources */,
			);
			buildRules = (
			);
			dependencies = (
				2233A15E1BC9222100713C0F /* PBXTargetDependency */,
			);
			name = json2markdownTests;
			productName = json2markdownTests;
			productReference = 2233A15C1BC9222100713C0F /* json2markdownTests.xctest */;
			productType = "com.apple.product-type.bundle.unit-test";
		};
/* End PBXNativeTarget section */

/* Begin PBXProject section */
		2233A13B1BC9222100713C0F /* Project object */ = {
			isa = PBXProject;
			attributes = {
				LastUpgradeCheck = 0640;
				ORGANIZATIONNAME = Youths;
				TargetAttributes = {
					2233A1421BC9222100713C0F = {
						CreatedOnToolsVersion = 6.4;
					};
					2233A15B1BC9222100713C0F = {
						CreatedOnToolsVersion = 6.4;
						TestTargetID = 2233A1421BC9222100713C0F;
					};
				};
			};
			buildConfigurationList = 2233A13E1BC9222100713C0F /* Build configuration list for PBXProject "json2markdown" */;
			compatibilityVersion = "Xcode 3.2";
			developmentRegion = English;
			hasScannedForEncodings = 0;
			knownRegions = (
				en,
				Base,
			);
			mainGroup = 2233A13A1BC9222100713C0F;
			productRefGroup = 2233A1441BC9222100713C0F /* Products */;
			projectDirPath = "";
			projectRoot = "";
			targets = (
				2233A1421BC9222100713C0F /* json2markdown */,
				2233A15B1BC9222100713C0F /* json2markdownTests */,
			);
		};
/* End PBXProject section */

/* Begin PBXResourcesBuildPhase section */
		2233A1411BC9222100713C0F /* Resources */ = {
			isa = PBXResourcesBuildPhase;
			buildActionMask = 2147483647;
			files = (
				2233A1521BC9222100713C0F /* Main.storyboard in Resources */,
				2233A1571BC9222100713C0F /* LaunchScreen.xib in Resources */,
				2233A1541BC9222100713C0F /* Images.xcassets in Resources */,
			);
			runOnlyForDeploymentPostprocessing = 0;
		};
		2233A15A1BC9222100713C0F /* Resources */ = {
			isa = PBXResourcesBuildPhase;
			buildActionMask = 2147483647;
			files = (
			);
			runOnlyForDeploymentPostprocessing = 0;
		};
/* End PBXResourcesBuildPhase section */

/* Begin PBXSourcesBuildPhase section */
		2233A13F1BC9222100713C0F /* Sources */ = {
			isa = PBXSourcesBuildPhase;
			buildActionMask = 2147483647;
			files = (
				2233A14F1BC9222100713C0F /* ViewController.m in Sources */,
				2233A18A1BC927C400713C0F /* MJType.m in Sources */,
				2233A1881BC927C400713C0F /* MJFoundation.m in Sources */,
				2233A14C1BC9222100713C0F /* AppDelegate.m in Sources */,
				2233A18C1BC927C400713C0F /* NSObject+MJKeyValue.m in Sources */,
				2233A18B1BC927C400713C0F /* NSObject+MJCoding.m in Sources */,
				2233A18E1BC927C400713C0F /* NSString+Extension.m in Sources */,
				2233A1891BC927C400713C0F /* MJProperty.m in Sources */,
				2233A18D1BC927C400713C0F /* NSObject+MJProperty.m in Sources */,
				2233A1491BC9222100713C0F /* main.m in Sources */,
				2233A1741BC9254D00713C0F /* ListData.m in Sources */,
				2233A1871BC927C400713C0F /* MJConst.m in Sources */,
				2233A1711BC9249900713C0F /* ListModel.m in Sources */,
			);
			runOnlyForDeploymentPostprocessing = 0;
		};
		2233A1581BC9222100713C0F /* Sources */ = {
			isa = PBXSourcesBuildPhase;
			buildActionMask = 2147483647;
			files = (
				2233A1631BC9222100713C0F /* json2markdownTests.m in Sources */,
			);
			runOnlyForDeploymentPostprocessing = 0;
		};
/* End PBXSourcesBuildPhase section */

/* Begin PBXTargetDependency section */
		2233A15E1BC9222100713C0F /* PBXTargetDependency */ = {
			isa = PBXTargetDependency;
			target = 2233A1421BC9222100713C0F /* json2markdown */;
			targetProxy = 2233A15D1BC9222100713C0F /* PBXContainerItemProxy */;
		};
/* End PBXTargetDependency section */

/* Begin PBXVariantGroup section */
		2233A1501BC9222100713C0F /* Main.storyboard */ = {
			isa = PBXVariantGroup;
			children = (
				2233A1511BC9222100713C0F /* Base */,
			);
			name = Main.storyboard;
			sourceTree = "<group>";
		};
		2233A1551BC9222100713C0F /* LaunchScreen.xib */ = {
			isa = PBXVariantGroup;
			children = (
				2233A1561BC9222100713C0F /* Base */,
			);
			name = LaunchScreen.xib;
			sourceTree = "<group>";
		};
/* End PBXVariantGroup section */

/* Begin XCBuildConfiguration section */
		2233A1641BC9222100713C0F /* Debug */ = {
			isa = XCBuildConfiguration;
			buildSettings = {
				ALWAYS_SEARCH_USER_PATHS = NO;
				CLANG_CXX_LANGUAGE_STANDARD = "gnu++0x";
				CLANG_CXX_LIBRARY = "libc++";
				CLANG_ENABLE_MODULES = YES;
				CLANG_ENABLE_OBJC_ARC = YES;
				CLANG_WARN_BOOL_CONVERSION = YES;
				CLANG_WARN_CONSTANT_CONVERSION = YES;
				CLANG_WARN_DIRECT_OBJC_ISA_USAGE = YES_ERROR;
				CLANG_WARN_EMPTY_BODY = YES;
				CLANG_WARN_ENUM_CONVERSION = YES;
				CLANG_WARN_INT_CONVERSION = YES;
				CLANG_WARN_OBJC_ROOT_CLASS = YES_ERROR;
				CLANG_WARN_UNREACHABLE_CODE = YES;
				CLANG_WARN__DUPLICATE_METHOD_MATCH = YES;
				"CODE_SIGN_IDENTITY[sdk=iphoneos*]" = "iPhone Developer";
				COPY_PHASE_STRIP = NO;
				DEBUG_INFORMATION_FORMAT = "dwarf-with-dsym";
				ENABLE_STRICT_OBJC_MSGSEND = YES;
				GCC_C_LANGUAGE_STANDARD = gnu99;
				GCC_DYNAMIC_NO_PIC = NO;
				GCC_NO_COMMON_BLOCKS = YES;
				GCC_OPTIMIZATION_LEVEL = 0;
				GCC_PREPROCESSOR_DEFINITIONS = (
					"DEBUG=1",
					"$(inherited)",
				);
				GCC_SYMBOLS_PRIVATE_EXTERN = NO;
				GCC_WARN_64_TO_32_BIT_CONVERSION = YES;
				GCC_WARN_ABOUT_RETURN_TYPE = YES_ERROR;
				GCC_WARN_UNDECLARED_SELECTOR = YES;
				GCC_WARN_UNINITIALIZED_AUTOS = YES_AGGRESSIVE;
				GCC_WARN_UNUSED_FUNCTION = YES;
				GCC_WARN_UNUSED_VARIABLE = YES;
				IPHONEOS_DEPLOYMENT_TARGET = 8.4;
				MTL_ENABLE_DEBUG_INFO = YES;
				ONLY_ACTIVE_ARCH = YES;
				SDKROOT = iphoneos;
			};
			name = Debug;
		};
		2233A1651BC9222100713C0F /* Release */ = {
			isa = XCBuildConfiguration;
			buildSettings = {
				ALWAYS_SEARCH_USER_PATHS = NO;
				CLANG_CXX_LANGUAGE_STANDARD = "gnu++0x";
				CLANG_CXX_LIBRARY = "libc++";
				CLANG_ENABLE_MODULES = YES;
				CLANG_ENABLE_OBJC_ARC = YES;
				CLANG_WARN_BOOL_CONVERSION = YES;
				CLANG_WARN_CONSTANT_CONVERSION = YES;
				CLANG_WARN_DIRECT_OBJC_ISA_USAGE = YES_ERROR;
				CLANG_WARN_EMPTY_BODY = YES;
				CLANG_WARN_ENUM_CONVERSION = YES;
				CLANG_WARN_INT_CONVERSION = YES;
				CLANG_WARN_OBJC_ROOT_CLASS = YES_ERROR;
				CLANG_WARN_UNREACHABLE_CODE = YES;
				CLANG_WARN__DUPLICATE_METHOD_MATCH = YES;
				"CODE_SIGN_IDENTITY[sdk=iphoneos*]" = "iPhone Developer";
				COPY_PHASE_STRIP = NO;
				DEBUG_INFORMATION_FORMAT = "dwarf-with-dsym";
				ENABLE_NS_ASSERTIONS = NO;
				ENABLE_STRICT_OBJC_MSGSEND = YES;
				GCC_C_LANGUAGE_STANDARD = gnu99;
				GCC_NO_COMMON_BLOCKS = YES;
				GCC_WARN_64_TO_32_BIT_CONVERSION = YES;
				GCC_WARN_ABOUT_RETURN_TYPE = YES_ERROR;
				GCC_WARN_UNDECLARED_SELECTOR = YES;
				GCC_WARN_UNINITIALIZED_AUTOS = YES_AGGRESSIVE;
				GCC_WARN_UNUSED_FUNCTION = YES;
				GCC_WARN_UNUSED_VARIABLE = YES;
				IPHONEOS_DEPLOYMENT_TARGET = 8.4;
				MTL_ENABLE_DEBUG_INFO = NO;
				SDKROOT = iphoneos;
				VALIDATE_PRODUCT = YES;
			};
			name = Release;
		};
		2233A1671BC9222100713C0F /* Debug */ = {
			isa = XCBuildConfiguration;
			buildSettings = {
				ASSETCATALOG_COMPILER_APPICON_NAME = AppIcon;
				INFOPLIST_FILE = json2markdown/Info.plist;
				LD_RUNPATH_SEARCH_PATHS = "$(inherited) @executable_path/Frameworks";
				PRODUCT_NAME = "$(TARGET_NAME)";
			};
			name = Debug;
		};
		2233A1681BC9222100713C0F /* Release */ = {
			isa = XCBuildConfiguration;
			buildSettings = {
				ASSETCATALOG_COMPILER_APPICON_NAME = AppIcon;
				INFOPLIST_FILE = json2markdown/Info.plist;
				LD_RUNPATH_SEARCH_PATHS = "$(inherited) @executable_path/Frameworks";
				PRODUCT_NAME = "$(TARGET_NAME)";
			};
			name = Release;
		};
		2233A16A1BC9222100713C0F /* Debug */ = {
			isa = XCBuildConfiguration;
			buildSettings = {
				BUNDLE_LOADER = "$(TEST_HOST)";
				FRAMEWORK_SEARCH_PATHS = (
					"$(SDKROOT)/Developer/Library/Frameworks",
					"$(inherited)",
				);
				GCC_PREPROCESSOR_DEFINITIONS = (
					"DEBUG=1",
					"$(inherited)",
				);
				INFOPLIST_FILE = json2markdownTests/Info.plist;
				LD_RUNPATH_SEARCH_PATHS = "$(inherited) @executable_path/Frameworks @loader_path/Frameworks";
				PRODUCT_NAME = "$(TARGET_NAME)";
				TEST_HOST = "$(BUILT_PRODUCTS_DIR)/json2markdown.app/json2markdown";
			};
			name = Debug;
		};
		2233A16B1BC9222100713C0F /* Release */ = {
			isa = XCBuildConfiguration;
			buildSettings = {
				BUNDLE_LOADER = "$(TEST_HOST)";
				FRAMEWORK_SEARCH_PATHS = (
					"$(SDKROOT)/Developer/Library/Frameworks",
					"$(inherited)",
				);
				INFOPLIST_FILE = json2markdownTests/Info.plist;
				LD_RUNPATH_SEARCH_PATHS = "$(inherited) @executable_path/Frameworks @loader_path/Frameworks";
				PRODUCT_NAME = "$(TARGET_NAME)";
				TEST_HOST = "$(BUILT_PRODUCTS_DIR)/json2markdown.app/json2markdown";
			};
			name = Release;
		};
/* End XCBuildConfiguration section */

/* Begin XCConfigurationList section */
		2233A13E1BC9222100713C0F /* Build configuration list for PBXProject "json2markdown" */ = {
			isa = XCConfigurationList;
			buildConfigurations = (
				2233A1641BC9222100713C0F /* Debug */,
				2233A1651BC9222100713C0F /* Release */,
			);
			defaultConfigurationIsVisible = 0;
			defaultConfigurationName = Release;
		};
		2233A1661BC9222100713C0F /* Build configuration list for PBXNativeTarget "json2markdown" */ = {
			isa = XCConfigurationList;
			buildConfigurations = (
				2233A1671BC9222100713C0F /* Debug */,
				2233A1681BC9222100713C0F /* Release */,
			);
			defaultConfigurationIsVisible = 0;
		};
		2233A1691BC9222100713C0F /* Build configuration list for PBXNativeTarget "json2markdownTests" */ = {
			isa = XCConfigurationList;
			buildConfigurations = (
				2233A16A1BC9222100713C0F /* Debug */,
				2233A16B1BC9222100713C0F /* Release */,
			);
			defaultConfigurationIsVisible = 0;
		};
/* End XCConfigurationList section */
	};
	rootObject = 2233A13B1BC9222100713C0F /* Project object */;
}
