// !$*UTF8*$!
{
	archiveVersion = 1;
	classes = {
	};
	objectVersion = 46;
	objects = {

/* Begin PBXBuildFile section */
		227FDDFA1C1034F300A3BFFC /* main.m in Sources */ = {isa = PBXBuildFile; fileRef = 227FDDF91C1034F300A3BFFC /* main.m */; };
		227FDDFD1C1034F300A3BFFC /* AppDelegate.m in Sources */ = {isa = PBXBuildFile; fileRef = 227FDDFC1C1034F300A3BFFC /* AppDelegate.m */; };
		227FDE001C1034F300A3BFFC /* ViewController.m in Sources */ = {isa = PBXBuildFile; fileRef = 227FDDFF1C1034F300A3BFFC /* ViewController.m */; };
		227FDE031C1034F300A3BFFC /* Main.storyboard in Resources */ = {isa = PBXBuildFile; fileRef = 227FDE011C1034F300A3BFFC /* Main.storyboard */; };
		227FDE051C1034F300A3BFFC /* Images.xcassets in Resources */ = {isa = PBXBuildFile; fileRef = 227FDE041C1034F300A3BFFC /* Images.xcassets */; };
		227FDE081C1034F300A3BFFC /* LaunchScreen.xib in Resources */ = {isa = PBXBuildFile; fileRef = 227FDE061C1034F300A3BFFC /* LaunchScreen.xib */; };
		227FDE141C1034F300A3BFFC /* TableViewControllerSelectTests.m in Sources */ = {isa = PBXBuildFile; fileRef = 227FDE131C1034F300A3BFFC /* TableViewControllerSelectTests.m */; };
		227FDE1F1C1035DB00A3BFFC /* MyTableViewController.m in Sources */ = {isa = PBXBuildFile; fileRef = 227FDE1E1C1035DB00A3BFFC /* MyTableViewController.m */; };
/* End PBXBuildFile section */

/* Begin PBXContainerItemProxy section */
		227FDE0E1C1034F300A3BFFC /* PBXContainerItemProxy */ = {
			isa = PBXContainerItemProxy;
			containerPortal = 227FDDEC1C1034F300A3BFFC /* Project object */;
			proxyType = 1;
			remoteGlobalIDString = 227FDDF31C1034F300A3BFFC;
			remoteInfo = TableViewControllerSelect;
		};
/* End PBXContainerItemProxy section */

/* Begin PBXFileReference section */
		227FDDF41C1034F300A3BFFC /* TableViewControllerSelect.app */ = {isa = PBXFileReference; explicitFileType = wrapper.application; includeInIndex = 0; path = TableViewControllerSelect.app; sourceTree = BUILT_PRODUCTS_DIR; };
		227FDDF81C1034F300A3BFFC /* Info.plist */ = {isa = PBXFileReference; lastKnownFileType = text.plist.xml; path = Info.plist; sourceTree = "<group>"; };
		227FDDF91C1034F300A3BFFC /* main.m */ = {isa = PBXFileReference; lastKnownFileType = sourcecode.c.objc; path = main.m; sourceTree = "<group>"; };
		227FDDFB1C1034F300A3BFFC /* AppDelegate.h */ = {isa = PBXFileReference; lastKnownFileType = sourcecode.c.h; path = AppDelegate.h; sourceTree = "<group>"; };
		227FDDFC1C1034F300A3BFFC /* AppDelegate.m */ = {isa = PBXFileReference; lastKnownFileType = sourcecode.c.objc; path = AppDelegate.m; sourceTree = "<group>"; };
		227FDDFE1C1034F300A3BFFC /* ViewController.h */ = {isa = PBXFileReference; lastKnownFileType = sourcecode.c.h; path = ViewController.h; sourceTree = "<group>"; };
		227FDDFF1C1034F300A3BFFC /* ViewController.m */ = {isa = PBXFileReference; lastKnownFileType = sourcecode.c.objc; path = ViewController.m; sourceTree = "<group>"; };
		227FDE021C1034F300A3BFFC /* Base */ = {isa = PBXFileReference; lastKnownFileType = file.storyboard; name = Base; path = Base.lproj/Main.storyboard; sourceTree = "<group>"; };
		227FDE041C1034F300A3BFFC /* Images.xcassets */ = {isa = PBXFileReference; lastKnownFileType = folder.assetcatalog; path = Images.xcassets; sourceTree = "<group>"; };
		227FDE071C1034F300A3BFFC /* Base */ = {isa = PBXFileReference; lastKnownFileType = file.xib; name = Base; path = Base.lproj/LaunchScreen.xib; sourceTree = "<group>"; };
		227FDE0D1C1034F300A3BFFC /* TableViewControllerSelectTests.xctest */ = {isa = PBXFileReference; explicitFileType = wrapper.cfbundle; includeInIndex = 0; path = TableViewControllerSelectTests.xctest; sourceTree = BUILT_PRODUCTS_DIR; };
		227FDE121C1034F300A3BFFC /* Info.plist */ = {isa = PBXFileReference; lastKnownFileType = text.plist.xml; path = Info.plist; sourceTree = "<group>"; };
		227FDE131C1034F300A3BFFC /* TableViewControllerSelectTests.m */ = {isa = PBXFileReference; lastKnownFileType = sourcecode.c.objc; path = TableViewControllerSelectTests.m; sourceTree = "<group>"; };
		227FDE1D1C1035DB00A3BFFC /* MyTableViewController.h */ = {isa = PBXFileReference; fileEncoding = 4; lastKnownFileType = sourcecode.c.h; path = MyTableViewController.h; sourceTree = "<group>"; };
		227FDE1E1C1035DB00A3BFFC /* MyTableViewController.m */ = {isa = PBXFileReference; fileEncoding = 4; lastKnownFileType = sourcecode.c.objc; path = MyTableViewController.m; sourceTree = "<group>"; };
/* End PBXFileReference section */

/* Begin PBXFrameworksBuildPhase section */
		227FDDF11C1034F300A3BFFC /* Frameworks */ = {
			isa = PBXFrameworksBuildPhase;
			buildActionMask = 2147483647;
			files = (
			);
			runOnlyForDeploymentPostprocessing = 0;
		};
		227FDE0A1C1034F300A3BFFC /* Frameworks */ = {
			isa = PBXFrameworksBuildPhase;
			buildActionMask = 2147483647;
			files = (
			);
			runOnlyForDeploymentPostprocessing = 0;
		};
/* End PBXFrameworksBuildPhase section */

/* Begin PBXGroup section */
		227FDDEB1C1034F300A3BFFC = {
			isa = PBXGroup;
			children = (
				227FDDF61C1034F300A3BFFC /* TableViewControllerSelect */,
				227FDE101C1034F300A3BFFC /* TableViewControllerSelectTests */,
				227FDDF51C1034F300A3BFFC /* Products */,
			);
			sourceTree = "<group>";
		};
		227FDDF51C1034F300A3BFFC /* Products */ = {
			isa = PBXGroup;
			children = (
				227FDDF41C1034F300A3BFFC /* TableViewControllerSelect.app */,
				227FDE0D1C1034F300A3BFFC /* TableViewControllerSelectTests.xctest */,
			);
			name = Products;
			sourceTree = "<group>";
		};
		227FDDF61C1034F300A3BFFC /* TableViewControllerSelect */ = {
			isa = PBXGroup;
			children = (
				227FDDFB1C1034F300A3BFFC /* AppDelegate.h */,
				227FDDFC1C1034F300A3BFFC /* AppDelegate.m */,
				227FDDFE1C1034F300A3BFFC /* ViewController.h */,
				227FDDFF1C1034F300A3BFFC /* ViewController.m */,
				227FDE1D1C1035DB00A3BFFC /* MyTableViewController.h */,
				227FDE1E1C1035DB00A3BFFC /* MyTableViewController.m */,
				227FDE011C1034F300A3BFFC /* Main.storyboard */,
				227FDE041C1034F300A3BFFC /* Images.xcassets */,
				227FDE061C1034F300A3BFFC /* LaunchScreen.xib */,
				227FDDF71C1034F300A3BFFC /* Supporting Files */,
			);
			path = TableViewControllerSelect;
			sourceTree = "<group>";
		};
		227FDDF71C1034F300A3BFFC /* Supporting Files */ = {
			isa = PBXGroup;
			children = (
				227FDDF81C1034F300A3BFFC /* Info.plist */,
				227FDDF91C1034F300A3BFFC /* main.m */,
			);
			name = "Supporting Files";
			sourceTree = "<group>";
		};
		227FDE101C1034F300A3BFFC /* TableViewControllerSelectTests */ = {
			isa = PBXGroup;
			children = (
				227FDE131C1034F300A3BFFC /* TableViewControllerSelectTests.m */,
				227FDE111C1034F300A3BFFC /* Supporting Files */,
			);
			path = TableViewControllerSelectTests;
			sourceTree = "<group>";
		};
		227FDE111C1034F300A3BFFC /* Supporting Files */ = {
			isa = PBXGroup;
			children = (
				227FDE121C1034F300A3BFFC /* Info.plist */,
			);
			name = "Supporting Files";
			sourceTree = "<group>";
		};
/* End PBXGroup section */

/* Begin PBXNativeTarget section */
		227FDDF31C1034F300A3BFFC /* TableViewControllerSelect */ = {
			isa = PBXNativeTarget;
			buildConfigurationList = 227FDE171C1034F300A3BFFC /* Build configuration list for PBXNativeTarget "TableViewControllerSelect" */;
			buildPhases = (
				227FDDF01C1034F300A3BFFC /* Sources */,
				227FDDF11C1034F300A3BFFC /* Frameworks */,
				227FDDF21C1034F300A3BFFC /* Resources */,
			);
			buildRules = (
			);
			dependencies = (
			);
			name = TableViewControllerSelect;
			productName = TableViewControllerSelect;
			productReference = 227FDDF41C1034F300A3BFFC /* TableViewControllerSelect.app */;
			productType = "com.apple.product-type.application";
		};
		227FDE0C1C1034F300A3BFFC /* TableViewControllerSelectTests */ = {
			isa = PBXNativeTarget;
			buildConfigurationList = 227FDE1A1C1034F300A3BFFC /* Build configuration list for PBXNativeTarget "TableViewControllerSelectTests" */;
			buildPhases = (
				227FDE091C1034F300A3BFFC /* Sources */,
				227FDE0A1C1034F300A3BFFC /* Frameworks */,
				227FDE0B1C1034F300A3BFFC /* Resources */,
			);
			buildRules = (
			);
			dependencies = (
				227FDE0F1C1034F300A3BFFC /* PBXTargetDependency */,
			);
			name = TableViewControllerSelectTests;
			productName = TableViewControllerSelectTests;
			productReference = 227FDE0D1C1034F300A3BFFC /* TableViewControllerSelectTests.xctest */;
			productType = "com.apple.product-type.bundle.unit-test";
		};
/* End PBXNativeTarget section */

/* Begin PBXProject section */
		227FDDEC1C1034F300A3BFFC /* Project object */ = {
			isa = PBXProject;
			attributes = {
				LastUpgradeCheck = 0640;
				ORGANIZATIONNAME = Youths;
				TargetAttributes = {
					227FDDF31C1034F300A3BFFC = {
						CreatedOnToolsVersion = 6.4;
					};
					227FDE0C1C1034F300A3BFFC = {
						CreatedOnToolsVersion = 6.4;
						TestTargetID = 227FDDF31C1034F300A3BFFC;
					};
				};
			};
			buildConfigurationList = 227FDDEF1C1034F300A3BFFC /* Build configuration list for PBXProject "TableViewControllerSelect" */;
			compatibilityVersion = "Xcode 3.2";
			developmentRegion = English;
			hasScannedForEncodings = 0;
			knownRegions = (
				en,
				Base,
			);
			mainGroup = 227FDDEB1C1034F300A3BFFC;
			productRefGroup = 227FDDF51C1034F300A3BFFC /* Products */;
			projectDirPath = "";
			projectRoot = "";
			targets = (
				227FDDF31C1034F300A3BFFC /* TableViewControllerSelect */,
				227FDE0C1C1034F300A3BFFC /* TableViewControllerSelectTests */,
			);
		};
/* End PBXProject section */

/* Begin PBXResourcesBuildPhase section */
		227FDDF21C1034F300A3BFFC /* Resources */ = {
			isa = PBXResourcesBuildPhase;
			buildActionMask = 2147483647;
			files = (
				227FDE031C1034F300A3BFFC /* Main.storyboard in Resources */,
				227FDE081C1034F300A3BFFC /* LaunchScreen.xib in Resources */,
				227FDE051C1034F300A3BFFC /* Images.xcassets in Resources */,
			);
			runOnlyForDeploymentPostprocessing = 0;
		};
		227FDE0B1C1034F300A3BFFC /* Resources */ = {
			isa = PBXResourcesBuildPhase;
			buildActionMask = 2147483647;
			files = (
			);
			runOnlyForDeploymentPostprocessing = 0;
		};
/* End PBXResourcesBuildPhase section */

/* Begin PBXSourcesBuildPhase section */
		227FDDF01C1034F300A3BFFC /* Sources */ = {
			isa = PBXSourcesBuildPhase;
			buildActionMask = 2147483647;
			files = (
				227FDE001C1034F300A3BFFC /* ViewController.m in Sources */,
				227FDDFD1C1034F300A3BFFC /* AppDelegate.m in Sources */,
				227FDDFA1C1034F300A3BFFC /* main.m in Sources */,
				227FDE1F1C1035DB00A3BFFC /* MyTableViewController.m in Sources */,
			);
			runOnlyForDeploymentPostprocessing = 0;
		};
		227FDE091C1034F300A3BFFC /* Sources */ = {
			isa = PBXSourcesBuildPhase;
			buildActionMask = 2147483647;
			files = (
				227FDE141C1034F300A3BFFC /* TableViewControllerSelectTests.m in Sources */,
			);
			runOnlyForDeploymentPostprocessing = 0;
		};
/* End PBXSourcesBuildPhase section */

/* Begin PBXTargetDependency section */
		227FDE0F1C1034F300A3BFFC /* PBXTargetDependency */ = {
			isa = PBXTargetDependency;
			target = 227FDDF31C1034F300A3BFFC /* TableViewControllerSelect */;
			targetProxy = 227FDE0E1C1034F300A3BFFC /* PBXContainerItemProxy */;
		};
/* End PBXTargetDependency section */

/* Begin PBXVariantGroup section */
		227FDE011C1034F300A3BFFC /* Main.storyboard */ = {
			isa = PBXVariantGroup;
			children = (
				227FDE021C1034F300A3BFFC /* Base */,
			);
			name = Main.storyboard;
			sourceTree = "<group>";
		};
		227FDE061C1034F300A3BFFC /* LaunchScreen.xib */ = {
			isa = PBXVariantGroup;
			children = (
				227FDE071C1034F300A3BFFC /* Base */,
			);
			name = LaunchScreen.xib;
			sourceTree = "<group>";
		};
/* End PBXVariantGroup section */

/* Begin XCBuildConfiguration section */
		227FDE151C1034F300A3BFFC /* Debug */ = {
			isa = XCBuildConfiguration;
			buildSettings = {
				ALWAYS_SEARCH_USER_PATHS = NO;
				CLANG_CXX_LANGUAGE_STANDARD = "gnu++0x";
				CLANG_CXX_LIBRARY = "libc++";
				CLANG_ENABLE_MODULES = YES;
				CLANG_ENABLE_OBJC_ARC = YES;
				CLANG_WARN_BOOL_CONVERSION = YES;
				CLANG_WARN_CONSTANT_CONVERSION = YES;
				CLANG_WARN_DIRECT_OBJC_ISA_USAGE = YES_ERROR;
				CLANG_WARN_EMPTY_BODY = YES;
				CLANG_WARN_ENUM_CONVERSION = YES;
				CLANG_WARN_INT_CONVERSION = YES;
				CLANG_WARN_OBJC_ROOT_CLASS = YES_ERROR;
				CLANG_WARN_UNREACHABLE_CODE = YES;
				CLANG_WARN__DUPLICATE_METHOD_MATCH = YES;
				"CODE_SIGN_IDENTITY[sdk=iphoneos*]" = "iPhone Developer";
				COPY_PHASE_STRIP = NO;
				DEBUG_INFORMATION_FORMAT = "dwarf-with-dsym";
				ENABLE_STRICT_OBJC_MSGSEND = YES;
				GCC_C_LANGUAGE_STANDARD = gnu99;
				GCC_DYNAMIC_NO_PIC = NO;
				GCC_NO_COMMON_BLOCKS = YES;
				GCC_OPTIMIZATION_LEVEL = 0;
				GCC_PREPROCESSOR_DEFINITIONS = (
					"DEBUG=1",
					"$(inherited)",
				);
				GCC_SYMBOLS_PRIVATE_EXTERN = NO;
				GCC_WARN_64_TO_32_BIT_CONVERSION = YES;
				GCC_WARN_ABOUT_RETURN_TYPE = YES_ERROR;
				GCC_WARN_UNDECLARED_SELECTOR = YES;
				GCC_WARN_UNINITIALIZED_AUTOS = YES_AGGRESSIVE;
				GCC_WARN_UNUSED_FUNCTION = YES;
				GCC_WARN_UNUSED_VARIABLE = YES;
				IPHONEOS_DEPLOYMENT_TARGET = 8.4;
				MTL_ENABLE_DEBUG_INFO = YES;
				ONLY_ACTIVE_ARCH = YES;
				SDKROOT = iphoneos;
			};
			name = Debug;
		};
		227FDE161C1034F300A3BFFC /* Release */ = {
			isa = XCBuildConfiguration;
			buildSettings = {
				ALWAYS_SEARCH_USER_PATHS = NO;
				CLANG_CXX_LANGUAGE_STANDARD = "gnu++0x";
				CLANG_CXX_LIBRARY = "libc++";
				CLANG_ENABLE_MODULES = YES;
				CLANG_ENABLE_OBJC_ARC = YES;
				CLANG_WARN_BOOL_CONVERSION = YES;
				CLANG_WARN_CONSTANT_CONVERSION = YES;
				CLANG_WARN_DIRECT_OBJC_ISA_USAGE = YES_ERROR;
				CLANG_WARN_EMPTY_BODY = YES;
				CLANG_WARN_ENUM_CONVERSION = YES;
				CLANG_WARN_INT_CONVERSION = YES;
				CLANG_WARN_OBJC_ROOT_CLASS = YES_ERROR;
				CLANG_WARN_UNREACHABLE_CODE = YES;
				CLANG_WARN__DUPLICATE_METHOD_MATCH = YES;
				"CODE_SIGN_IDENTITY[sdk=iphoneos*]" = "iPhone Developer";
				COPY_PHASE_STRIP = NO;
				DEBUG_INFORMATION_FORMAT = "dwarf-with-dsym";
				ENABLE_NS_ASSERTIONS = NO;
				ENABLE_STRICT_OBJC_MSGSEND = YES;
				GCC_C_LANGUAGE_STANDARD = gnu99;
				GCC_NO_COMMON_BLOCKS = YES;
				GCC_WARN_64_TO_32_BIT_CONVERSION = YES;
				GCC_WARN_ABOUT_RETURN_TYPE = YES_ERROR;
				GCC_WARN_UNDECLARED_SELECTOR = YES;
				GCC_WARN_UNINITIALIZED_AUTOS = YES_AGGRESSIVE;
				GCC_WARN_UNUSED_FUNCTION = YES;
				GCC_WARN_UNUSED_VARIABLE = YES;
				IPHONEOS_DEPLOYMENT_TARGET = 8.4;
				MTL_ENABLE_DEBUG_INFO = NO;
				SDKROOT = iphoneos;
				VALIDATE_PRODUCT = YES;
			};
			name = Release;
		};
		227FDE181C1034F300A3BFFC /* Debug */ = {
			isa = XCBuildConfiguration;
			buildSettings = {
				ASSETCATALOG_COMPILER_APPICON_NAME = AppIcon;
				INFOPLIST_FILE = TableViewControllerSelect/Info.plist;
				LD_RUNPATH_SEARCH_PATHS = "$(inherited) @executable_path/Frameworks";
				PRODUCT_NAME = "$(TARGET_NAME)";
			};
			name = Debug;
		};
		227FDE191C1034F300A3BFFC /* Release */ = {
			isa = XCBuildConfiguration;
			buildSettings = {
				ASSETCATALOG_COMPILER_APPICON_NAME = AppIcon;
				INFOPLIST_FILE = TableViewControllerSelect/Info.plist;
				LD_RUNPATH_SEARCH_PATHS = "$(inherited) @executable_path/Frameworks";
				PRODUCT_NAME = "$(TARGET_NAME)";
			};
			name = Release;
		};
		227FDE1B1C1034F300A3BFFC /* Debug */ = {
			isa = XCBuildConfiguration;
			buildSettings = {
				BUNDLE_LOADER = "$(TEST_HOST)";
				FRAMEWORK_SEARCH_PATHS = (
					"$(SDKROOT)/Developer/Library/Frameworks",
					"$(inherited)",
				);
				GCC_PREPROCESSOR_DEFINITIONS = (
					"DEBUG=1",
					"$(inherited)",
				);
				INFOPLIST_FILE = TableViewControllerSelectTests/Info.plist;
				LD_RUNPATH_SEARCH_PATHS = "$(inherited) @executable_path/Frameworks @loader_path/Frameworks";
				PRODUCT_NAME = "$(TARGET_NAME)";
				TEST_HOST = "$(BUILT_PRODUCTS_DIR)/TableViewControllerSelect.app/TableViewControllerSelect";
			};
			name = Debug;
		};
		227FDE1C1C1034F300A3BFFC /* Release */ = {
			isa = XCBuildConfiguration;
			buildSettings = {
				BUNDLE_LOADER = "$(TEST_HOST)";
				FRAMEWORK_SEARCH_PATHS = (
					"$(SDKROOT)/Developer/Library/Frameworks",
					"$(inherited)",
				);
				INFOPLIST_FILE = TableViewControllerSelectTests/Info.plist;
				LD_RUNPATH_SEARCH_PATHS = "$(inherited) @executable_path/Frameworks @loader_path/Frameworks";
				PRODUCT_NAME = "$(TARGET_NAME)";
				TEST_HOST = "$(BUILT_PRODUCTS_DIR)/TableViewControllerSelect.app/TableViewControllerSelect";
			};
			name = Release;
		};
/* End XCBuildConfiguration section */

/* Begin XCConfigurationList section */
		227FDDEF1C1034F300A3BFFC /* Build configuration list for PBXProject "TableViewControllerSelect" */ = {
			isa = XCConfigurationList;
			buildConfigurations = (
				227FDE151C1034F300A3BFFC /* Debug */,
				227FDE161C1034F300A3BFFC /* Release */,
			);
			defaultConfigurationIsVisible = 0;
			defaultConfigurationName = Release;
		};
		227FDE171C1034F300A3BFFC /* Build configuration list for PBXNativeTarget "TableViewControllerSelect" */ = {
			isa = XCConfigurationList;
			buildConfigurations = (
				227FDE181C1034F300A3BFFC /* Debug */,
				227FDE191C1034F300A3BFFC /* Release */,
			);
			defaultConfigurationIsVisible = 0;
		};
		227FDE1A1C1034F300A3BFFC /* Build configuration list for PBXNativeTarget "TableViewControllerSelectTests" */ = {
			isa = XCConfigurationList;
			buildConfigurations = (
				227FDE1B1C1034F300A3BFFC /* Debug */,
				227FDE1C1C1034F300A3BFFC /* Release */,
			);
			defaultConfigurationIsVisible = 0;
		};
/* End XCConfigurationList section */
	};
	rootObject = 227FDDEC1C1034F300A3BFFC /* Project object */;
}
